// !$*UTF8*$!
{
	archiveVersion = 1;
	classes = {
	};
	objectVersion = 50;
	objects = {

/* Begin PBXBuildFile section */
		BCDCC41A21DFF240008422A8 /* AppDelegate.swift in Sources */ = {isa = PBXBuildFile; fileRef = BCDCC41921DFF240008422A8 /* AppDelegate.swift */; };
		BCDCC41C21DFF240008422A8 /* MemeEditorViewController.swift in Sources */ = {isa = PBXBuildFile; fileRef = BCDCC41B21DFF240008422A8 /* MemeEditorViewController.swift */; };
		BCDCC41F21DFF240008422A8 /* Main.storyboard in Resources */ = {isa = PBXBuildFile; fileRef = BCDCC41D21DFF240008422A8 /* Main.storyboard */; };
		BCDCC42121DFF242008422A8 /* Assets.xcassets in Resources */ = {isa = PBXBuildFile; fileRef = BCDCC42021DFF242008422A8 /* Assets.xcassets */; };
		BCDCC42421DFF242008422A8 /* LaunchScreen.storyboard in Resources */ = {isa = PBXBuildFile; fileRef = BCDCC42221DFF242008422A8 /* LaunchScreen.storyboard */; };
		BCDCC42C21DFFAB8008422A8 /* KeyboardConfiguration.swift in Sources */ = {isa = PBXBuildFile; fileRef = BCDCC42B21DFFAB8008422A8 /* KeyboardConfiguration.swift */; };
		BCDCC42E21DFFDDF008422A8 /* TextFormatting.swift in Sources */ = {isa = PBXBuildFile; fileRef = BCDCC42D21DFFDDF008422A8 /* TextFormatting.swift */; };
		BCDCC43021E0017F008422A8 /* MemeGenerator.swift in Sources */ = {isa = PBXBuildFile; fileRef = BCDCC42F21E0017F008422A8 /* MemeGenerator.swift */; };
		BCDCC43221E00315008422A8 /* MemeStruct.swift in Sources */ = {isa = PBXBuildFile; fileRef = BCDCC43121E00315008422A8 /* MemeStruct.swift */; };
/* End PBXBuildFile section */

/* Begin PBXFileReference section */
		BCDCC41621DFF240008422A8 /* MemeApp.app */ = {isa = PBXFileReference; explicitFileType = wrapper.application; includeInIndex = 0; path = MemeApp.app; sourceTree = BUILT_PRODUCTS_DIR; };
		BCDCC41921DFF240008422A8 /* AppDelegate.swift */ = {isa = PBXFileReference; lastKnownFileType = sourcecode.swift; path = AppDelegate.swift; sourceTree = "<group>"; };
		BCDCC41B21DFF240008422A8 /* MemeEditorViewController.swift */ = {isa = PBXFileReference; lastKnownFileType = sourcecode.swift; path = MemeEditorViewController.swift; sourceTree = "<group>"; };
		BCDCC41E21DFF240008422A8 /* Base */ = {isa = PBXFileReference; lastKnownFileType = file.storyboard; name = Base; path = Base.lproj/Main.storyboard; sourceTree = "<group>"; };
		BCDCC42021DFF242008422A8 /* Assets.xcassets */ = {isa = PBXFileReference; lastKnownFileType = folder.assetcatalog; path = Assets.xcassets; sourceTree = "<group>"; };
		BCDCC42321DFF242008422A8 /* Base */ = {isa = PBXFileReference; lastKnownFileType = file.storyboard; name = Base; path = Base.lproj/LaunchScreen.storyboard; sourceTree = "<group>"; };
		BCDCC42521DFF242008422A8 /* Info.plist */ = {isa = PBXFileReference; lastKnownFileType = text.plist.xml; path = Info.plist; sourceTree = "<group>"; };
		BCDCC42B21DFFAB8008422A8 /* KeyboardConfiguration.swift */ = {isa = PBXFileReference; lastKnownFileType = sourcecode.swift; path = KeyboardConfiguration.swift; sourceTree = "<group>"; };
		BCDCC42D21DFFDDF008422A8 /* TextFormatting.swift */ = {isa = PBXFileReference; lastKnownFileType = sourcecode.swift; path = TextFormatting.swift; sourceTree = "<group>"; };
		BCDCC42F21E0017F008422A8 /* MemeGenerator.swift */ = {isa = PBXFileReference; lastKnownFileType = sourcecode.swift; path = MemeGenerator.swift; sourceTree = "<group>"; };
		BCDCC43121E00315008422A8 /* MemeStruct.swift */ = {isa = PBXFileReference; lastKnownFileType = sourcecode.swift; path = MemeStruct.swift; sourceTree = "<group>"; };
/* End PBXFileReference section */

/* Begin PBXFrameworksBuildPhase section */
		BCDCC41321DFF240008422A8 /* Frameworks */ = {
			isa = PBXFrameworksBuildPhase;
			buildActionMask = 2147483647;
			files = (
			);
			runOnlyForDeploymentPostprocessing = 0;
		};
/* End PBXFrameworksBuildPhase section */

/* Begin PBXGroup section */
		BCDCC40D21DFF240008422A8 = {
			isa = PBXGroup;
			children = (
				BCDCC41821DFF240008422A8 /* MemeApp */,
				BCDCC41721DFF240008422A8 /* Products */,
			);
			sourceTree = "<group>";
		};
		BCDCC41721DFF240008422A8 /* Products */ = {
			isa = PBXGroup;
			children = (
				BCDCC41621DFF240008422A8 /* MemeApp.app */,
			);
			name = Products;
			sourceTree = "<group>";
		};
		BCDCC41821DFF240008422A8 /* MemeApp */ = {
			isa = PBXGroup;
			children = (
				BCDCC41921DFF240008422A8 /* AppDelegate.swift */,
				BCDCC41B21DFF240008422A8 /* MemeEditorViewController.swift */,
				BCDCC42F21E0017F008422A8 /* MemeGenerator.swift */,
				BCDCC43121E00315008422A8 /* MemeStruct.swift */,
				BCDCC42D21DFFDDF008422A8 /* TextFormatting.swift */,
				BCDCC42B21DFFAB8008422A8 /* KeyboardConfiguration.swift */,
				BCDCC41D21DFF240008422A8 /* Main.storyboard */,
				BCDCC42021DFF242008422A8 /* Assets.xcassets */,
				BCDCC42221DFF242008422A8 /* LaunchScreen.storyboard */,
				BCDCC42521DFF242008422A8 /* Info.plist */,
			);
			path = MemeApp;
			sourceTree = "<group>";
		};
/* End PBXGroup section */

/* Begin PBXNativeTarget section */
		BCDCC41521DFF240008422A8 /* MemeApp */ = {
			isa = PBXNativeTarget;
			buildConfigurationList = BCDCC42821DFF242008422A8 /* Build configuration list for PBXNativeTarget "MemeApp" */;
			buildPhases = (
				BCDCC41221DFF240008422A8 /* Sources */,
				BCDCC41321DFF240008422A8 /* Frameworks */,
				BCDCC41421DFF240008422A8 /* Resources */,
			);
			buildRules = (
			);
			dependencies = (
			);
			name = MemeApp;
			productName = MemeApp;
			productReference = BCDCC41621DFF240008422A8 /* MemeApp.app */;
			productType = "com.apple.product-type.application";
		};
/* End PBXNativeTarget section */

/* Begin PBXProject section */
		BCDCC40E21DFF240008422A8 /* Project object */ = {
			isa = PBXProject;
			attributes = {
				LastSwiftUpdateCheck = 1010;
				LastUpgradeCheck = 1010;
				ORGANIZATIONNAME = "Mpixel Design & Development";
				TargetAttributes = {
					BCDCC41521DFF240008422A8 = {
						CreatedOnToolsVersion = 10.1;
					};
				};
			};
			buildConfigurationList = BCDCC41121DFF240008422A8 /* Build configuration list for PBXProject "MemeApp" */;
			compatibilityVersion = "Xcode 9.3";
			developmentRegion = en;
			hasScannedForEncodings = 0;
			knownRegions = (
				en,
				Base,
			);
			mainGroup = BCDCC40D21DFF240008422A8;
			productRefGroup = BCDCC41721DFF240008422A8 /* Products */;
			projectDirPath = "";
			projectRoot = "";
			targets = (
				BCDCC41521DFF240008422A8 /* MemeApp */,
			);
		};
/* End PBXProject section */

/* Begin PBXResourcesBuildPhase section */
		BCDCC41421DFF240008422A8 /* Resources */ = {
			isa = PBXResourcesBuildPhase;
			buildActionMask = 2147483647;
			files = (
				BCDCC42421DFF242008422A8 /* LaunchScreen.storyboard in Resources */,
				BCDCC42121DFF242008422A8 /* Assets.xcassets in Resources */,
				BCDCC41F21DFF240008422A8 /* Main.storyboard in Resources */,
			);
			runOnlyForDeploymentPostprocessing = 0;
		};
/* End PBXResourcesBuildPhase section */

/* Begin PBXSourcesBuildPhase section */
		BCDCC41221DFF240008422A8 /* Sources */ = {
			isa = PBXSourcesBuildPhase;
			buildActionMask = 2147483647;
			files = (
				BCDCC41C21DFF240008422A8 /* MemeEditorViewController.swift in Sources */,
				BCDCC42C21DFFAB8008422A8 /* KeyboardConfiguration.swift in Sources */,
				BCDCC41A21DFF240008422A8 /* AppDelegate.swift in Sources */,
				BCDCC42E21DFFDDF008422A8 /* TextFormatting.swift in Sources */,
				BCDCC43221E00315008422A8 /* MemeStruct.swift in Sources */,
				BCDCC43021E0017F008422A8 /* MemeGenerator.swift in Sources */,
			);
			runOnlyForDeploymentPostprocessing = 0;
		};
/* End PBXSourcesBuildPhase section */

/* Begin PBXVariantGroup section */
		BCDCC41D21DFF240008422A8 /* Main.storyboard */ = {
			isa = PBXVariantGroup;
			children = (
				BCDCC41E21DFF240008422A8 /* Base */,
			);
			name = Main.storyboard;
			sourceTree = "<group>";
		};
		BCDCC42221DFF242008422A8 /* LaunchScreen.storyboard */ = {
			isa = PBXVariantGroup;
			children = (
				BCDCC42321DFF242008422A8 /* Base */,
			);
			name = LaunchScreen.storyboard;
			sourceTree = "<group>";
		};
/* End PBXVariantGroup section */

/* Begin XCBuildConfiguration section */
		BCDCC42621DFF242008422A8 /* Debug */ = {
			isa = XCBuildConfiguration;
			buildSettings = {
				ALWAYS_SEARCH_USER_PATHS = NO;
				CLANG_ANALYZER_NONNULL = YES;
				CLANG_ANALYZER_NUMBER_OBJECT_CONVERSION = YES_AGGRESSIVE;
				CLANG_CXX_LANGUAGE_STANDARD = "gnu++14";
				CLANG_CXX_LIBRARY = "libc++";
				CLANG_ENABLE_MODULES = YES;
				CLANG_ENABLE_OBJC_ARC = YES;
				CLANG_ENABLE_OBJC_WEAK = YES;
				CLANG_WARN_BLOCK_CAPTURE_AUTORELEASING = YES;
				CLANG_WARN_BOOL_CONVERSION = YES;
				CLANG_WARN_COMMA = YES;
				CLANG_WARN_CONSTANT_CONVERSION = YES;
				CLANG_WARN_DEPRECATED_OBJC_IMPLEMENTATIONS = YES;
				CLANG_WARN_DIRECT_OBJC_ISA_USAGE = YES_ERROR;
				CLANG_WARN_DOCUMENTATION_COMMENTS = YES;
				CLANG_WARN_EMPTY_BODY = YES;
				CLANG_WARN_ENUM_CONVERSION = YES;
				CLANG_WARN_INFINITE_RECURSION = YES;
				CLANG_WARN_INT_CONVERSION = YES;
				CLANG_WARN_NON_LITERAL_NULL_CONVERSION = YES;
				CLANG_WARN_OBJC_IMPLICIT_RETAIN_SELF = YES;
				CLANG_WARN_OBJC_LITERAL_CONVERSION = YES;
				CLANG_WARN_OBJC_ROOT_CLASS = YES_ERROR;
				CLANG_WARN_RANGE_LOOP_ANALYSIS = YES;
				CLANG_WARN_STRICT_PROTOTYPES = YES;
				CLANG_WARN_SUSPICIOUS_MOVE = YES;
				CLANG_WARN_UNGUARDED_AVAILABILITY = YES_AGGRESSIVE;
				CLANG_WARN_UNREACHABLE_CODE = YES;
				CLANG_WARN__DUPLICATE_METHOD_MATCH = YES;
				CODE_SIGN_IDENTITY = "iPhone Developer";
				COPY_PHASE_STRIP = NO;
				DEBUG_INFORMATION_FORMAT = dwarf;
				ENABLE_STRICT_OBJC_MSGSEND = YES;
				ENABLE_TESTABILITY = YES;
				GCC_C_LANGUAGE_STANDARD = gnu11;
				GCC_DYNAMIC_NO_PIC = NO;
				GCC_NO_COMMON_BLOCKS = YES;
				GCC_OPTIMIZATION_LEVEL = 0;
				GCC_PREPROCESSOR_DEFINITIONS = (
					"DEBUG=1",
					"$(inherited)",
				);
				GCC_WARN_64_TO_32_BIT_CONVERSION = YES;
				GCC_WARN_ABOUT_RETURN_TYPE = YES_ERROR;
				GCC_WARN_UNDECLARED_SELECTOR = YES;
				GCC_WARN_UNINITIALIZED_AUTOS = YES_AGGRESSIVE;
				GCC_WARN_UNUSED_FUNCTION = YES;
				GCC_WARN_UNUSED_VARIABLE = YES;
				IPHONEOS_DEPLOYMENT_TARGET = 12.1;
				MTL_ENABLE_DEBUG_INFO = INCLUDE_SOURCE;
				MTL_FAST_MATH = YES;
				ONLY_ACTIVE_ARCH = YES;
				SDKROOT = iphoneos;
				SWIFT_ACTIVE_COMPILATION_CONDITIONS = DEBUG;
				SWIFT_OPTIMIZATION_LEVEL = "-Onone";
			};
			name = Debug;
		};
		BCDCC42721DFF242008422A8 /* Release */ = {
			isa = XCBuildConfiguration;
			buildSettings = {
				ALWAYS_SEARCH_USER_PATHS = NO;
				CLANG_ANALYZER_NONNULL = YES;
				CLANG_ANALYZER_NUMBER_OBJECT_CONVERSION = YES_AGGRESSIVE;
				CLANG_CXX_LANGUAGE_STANDARD = "gnu++14";
				CLANG_CXX_LIBRARY = "libc++";
				CLANG_ENABLE_MODULES = YES;
				CLANG_ENABLE_OBJC_ARC = YES;
				CLANG_ENABLE_OBJC_WEAK = YES;
				CLANG_WARN_BLOCK_CAPTURE_AUTORELEASING = YES;
				CLANG_WARN_BOOL_CONVERSION = YES;
				CLANG_WARN_COMMA = YES;
				CLANG_WARN_CONSTANT_CONVERSION = YES;
				CLANG_WARN_DEPRECATED_OBJC_IMPLEMENTATIONS = YES;
				CLANG_WARN_DIRECT_OBJC_ISA_USAGE = YES_ERROR;
				CLANG_WARN_DOCUMENTATION_COMMENTS = YES;
				CLANG_WARN_EMPTY_BODY = YES;
				CLANG_WARN_ENUM_CONVERSION = YES;
				CLANG_WARN_INFINITE_RECURSION = YES;
				CLANG_WARN_INT_CONVERSION = YES;
				CLANG_WARN_NON_LITERAL_NULL_CONVERSION = YES;
				CLANG_WARN_OBJC_IMPLICIT_RETAIN_SELF = YES;
				CLANG_WARN_OBJC_LITERAL_CONVERSION = YES;
				CLANG_WARN_OBJC_ROOT_CLASS = YES_ERROR;
				CLANG_WARN_RANGE_LOOP_ANALYSIS = YES;
				CLANG_WARN_STRICT_PROTOTYPES = YES;
				CLANG_WARN_SUSPICIOUS_MOVE = YES;
				CLANG_WARN_UNGUARDED_AVAILABILITY = YES_AGGRESSIVE;
				CLANG_WARN_UNREACHABLE_CODE = YES;
				CLANG_WARN__DUPLICATE_METHOD_MATCH = YES;
				CODE_SIGN_IDENTITY = "iPhone Developer";
				COPY_PHASE_STRIP = NO;
				DEBUG_INFORMATION_FORMAT = "dwarf-with-dsym";
				ENABLE_NS_ASSERTIONS = NO;
				ENABLE_STRICT_OBJC_MSGSEND = YES;
				GCC_C_LANGUAGE_STANDARD = gnu11;
				GCC_NO_COMMON_BLOCKS = YES;
				GCC_WARN_64_TO_32_BIT_CONVERSION = YES;
				GCC_WARN_ABOUT_RETURN_TYPE = YES_ERROR;
				GCC_WARN_UNDECLARED_SELECTOR = YES;
				GCC_WARN_UNINITIALIZED_AUTOS = YES_AGGRESSIVE;
				GCC_WARN_UNUSED_FUNCTION = YES;
				GCC_WARN_UNUSED_VARIABLE = YES;
				IPHONEOS_DEPLOYMENT_TARGET = 12.1;
				MTL_ENABLE_DEBUG_INFO = NO;
				MTL_FAST_MATH = YES;
				SDKROOT = iphoneos;
				SWIFT_COMPILATION_MODE = wholemodule;
				SWIFT_OPTIMIZATION_LEVEL = "-O";
				VALIDATE_PRODUCT = YES;
			};
			name = Release;
		};
		BCDCC42921DFF242008422A8 /* Debug */ = {
			isa = XCBuildConfiguration;
			buildSettings = {
				ASSETCATALOG_COMPILER_APPICON_NAME = AppIcon;
				CODE_SIGN_STYLE = Automatic;
				DEVELOPMENT_TEAM = 8R9MN7EWJ6;
				INFOPLIST_FILE = MemeApp/Info.plist;
				LD_RUNPATH_SEARCH_PATHS = (
					"$(inherited)",
					"@executable_path/Frameworks",
				);
				PRODUCT_BUNDLE_IDENTIFIER = com.mpixeldd.MemeApp;
				PRODUCT_NAME = "$(TARGET_NAME)";
				SWIFT_VERSION = 4.2;
				TARGETED_DEVICE_FAMILY = "1,2";
			};
			name = Debug;
		};
		BCDCC42A21DFF242008422A8 /* Release */ = {
			isa = XCBuildConfiguration;
			buildSettings = {
				ASSETCATALOG_COMPILER_APPICON_NAME = AppIcon;
				CODE_SIGN_STYLE = Automatic;
				DEVELOPMENT_TEAM = 8R9MN7EWJ6;
				INFOPLIST_FILE = MemeApp/Info.plist;
				LD_RUNPATH_SEARCH_PATHS = (
					"$(inherited)",
					"@executable_path/Frameworks",
				);
				PRODUCT_BUNDLE_IDENTIFIER = com.mpixeldd.MemeApp;
				PRODUCT_NAME = "$(TARGET_NAME)";
				SWIFT_VERSION = 4.2;
				TARGETED_DEVICE_FAMILY = "1,2";
			};
			name = Release;
		};
/* End XCBuildConfiguration section */

/* Begin XCConfigurationList section */
		BCDCC41121DFF240008422A8 /* Build configuration list for PBXProject "MemeApp" */ = {
			isa = XCConfigurationList;
			buildConfigurations = (
				BCDCC42621DFF242008422A8 /* Debug */,
				BCDCC42721DFF242008422A8 /* Release */,
			);
			defaultConfigurationIsVisible = 0;
			defaultConfigurationName = Release;
		};
		BCDCC42821DFF242008422A8 /* Build configuration list for PBXNativeTarget "MemeApp" */ = {
			isa = XCConfigurationList;
			buildConfigurations = (
				BCDCC42921DFF242008422A8 /* Debug */,
				BCDCC42A21DFF242008422A8 /* Release */,
			);
			defaultConfigurationIsVisible = 0;
			defaultConfigurationName = Release;
		};
/* End XCConfigurationList section */
	};
	rootObject = BCDCC40E21DFF240008422A8 /* Project object */;
}
